
Microsoft Visual Studio Solution File, Format Version 12.00
# Visual Studio 15
Project("{FAE04EC0-301F-11D3-BF4B-00C04F79EFBC}") = "Assembly-CSharp", "Assembly-CSharp.csproj", "{13FEAED8-1657-85D6-10E7-56210281ADB0}"
EndProject
Project("{FAE04EC0-301F-11D3-BF4B-00C04F79EFBC}") = "Assembly-CSharp-Editor", "Assembly-CSharp-Editor.csproj", "{F31FE955-1A25-C2F8-352A-D27FB6649906}"
EndProject
Global
	GlobalSection(SolutionConfigurationPlatforms) = preSolution
		Debug|Any CPU = Debug|Any CPU
		Release|Any CPU = Release|Any CPU
	EndGlobalSection
	GlobalSection(ProjectConfigurationPlatforms) = postSolution
		{13FEAED8-1657-85D6-10E7-56210281ADB0}.Debug|Any CPU.ActiveCfg = Debug|Any CPU
		{13FEAED8-1657-85D6-10E7-56210281ADB0}.Debug|Any CPU.Build.0 = Debug|Any CPU
		{13FEAED8-1657-85D6-10E7-56210281ADB0}.Release|Any CPU.ActiveCfg = Release|Any CPU
		{13FEAED8-1657-85D6-10E7-56210281ADB0}.Release|Any CPU.Build.0 = Release|Any CPU
		{F31FE955-1A25-C2F8-352A-D27FB6649906}.Debug|Any CPU.ActiveCfg = Debug|Any CPU
		{F31FE955-1A25-C2F8-352A-D27FB6649906}.Debug|Any CPU.Build.0 = Debug|Any CPU
		{F31FE955-1A25-C2F8-352A-D27FB6649906}.Release|Any CPU.ActiveCfg = Release|Any CPU
		{F31FE955-1A25-C2F8-352A-D27FB6649906}.Release|Any CPU.Build.0 = Release|Any CPU
	EndGlobalSection
	GlobalSection(SolutionProperties) = preSolution
		HideSolutionNode = FALSE
	EndGlobalSection
EndGlobal
